
Microsoft Visual Studio Solution File, Format Version 12.00
# Visual Studio Version 17
VisualStudioVersion = 17.5.002.0
MinimumVisualStudioVersion = 10.0.40219.1
Project("{9A19103F-16F7-4668-BE54-9A1E7A4F7556}") = "prac3", "prac3.csproj", "{2E760995-E09C-426C-A3A9-0B592B7EE7E5}"
EndProject
Global
	GlobalSection(SolutionConfigurationPlatforms) = preSolution
		Debug|Any CPU = Debug|Any CPU
		Release|Any CPU = Release|Any CPU
	EndGlobalSection
	GlobalSection(ProjectConfigurationPlatforms) = postSolution
		{2E760995-E09C-426C-A3A9-0B592B7EE7E5}.Debug|Any CPU.ActiveCfg = Debug|Any CPU
		{2E760995-E09C-426C-A3A9-0B592B7EE7E5}.Debug|Any CPU.Build.0 = Debug|Any CPU
		{2E760995-E09C-426C-A3A9-0B592B7EE7E5}.Release|Any CPU.ActiveCfg = Release|Any CPU
		{2E760995-E09C-426C-A3A9-0B592B7EE7E5}.Release|Any CPU.Build.0 = Release|Any CPU
	EndGlobalSection
	GlobalSection(SolutionProperties) = preSolution
		HideSolutionNode = FALSE
	EndGlobalSection
	GlobalSection(ExtensibilityGlobals) = postSolution
		SolutionGuid = {B6AB4DCB-04FC-4F1F-830F-E0D1F8845C65}
	EndGlobalSection
EndGlobal
