
Microsoft Visual Studio Solution File, Format Version 12.00
# Visual Studio Version 17
VisualStudioVersion = 17.5.002.0
MinimumVisualStudioVersion = 10.0.40219.1
Project("{9A19103F-16F7-4668-BE54-9A1E7A4F7556}") = "prac4difforder", "prac4difforder.csproj", "{AC313964-57BE-46E6-B274-616001CAB78B}"
EndProject
Global
	GlobalSection(SolutionConfigurationPlatforms) = preSolution
		Debug|Any CPU = Debug|Any CPU
		Release|Any CPU = Release|Any CPU
	EndGlobalSection
	GlobalSection(ProjectConfigurationPlatforms) = postSolution
		{AC313964-57BE-46E6-B274-616001CAB78B}.Debug|Any CPU.ActiveCfg = Debug|Any CPU
		{AC313964-57BE-46E6-B274-616001CAB78B}.Debug|Any CPU.Build.0 = Debug|Any CPU
		{AC313964-57BE-46E6-B274-616001CAB78B}.Release|Any CPU.ActiveCfg = Release|Any CPU
		{AC313964-57BE-46E6-B274-616001CAB78B}.Release|Any CPU.Build.0 = Release|Any CPU
	EndGlobalSection
	GlobalSection(SolutionProperties) = preSolution
		HideSolutionNode = FALSE
	EndGlobalSection
	GlobalSection(ExtensibilityGlobals) = postSolution
		SolutionGuid = {F4147071-AF41-4F8F-99FB-DEE5128A6650}
	EndGlobalSection
EndGlobal
